
Microsoft Visual Studio Solution File, Format Version 12.00
# Visual Studio Version 17
VisualStudioVersion = 17.11.35312.102
MinimumVisualStudioVersion = 10.0.40219.1
Project("{FAE04EC0-301F-11D3-BF4B-00C04F79EFBC}") = "RTSPFrameSender", "RTSPFrameSender\RTSPFrameSender.csproj", "{144F0852-1909-4C87-91BC-3BCA5EC5C17B}"
EndProject
Project("{FAE04EC0-301F-11D3-BF4B-00C04F79EFBC}") = "ImageStreamReceiver", "ImageStreamReceiver\ImageStreamReceiver.csproj", "{4E802DBB-81CB-48FA-9B3B-38E91A337F16}"
EndProject
Global
	GlobalSection(SolutionConfigurationPlatforms) = preSolution
		Debug|Any CPU = Debug|Any CPU
		Release|Any CPU = Release|Any CPU
	EndGlobalSection
	GlobalSection(ProjectConfigurationPlatforms) = postSolution
		{144F0852-1909-4C87-91BC-3BCA5EC5C17B}.Debug|Any CPU.ActiveCfg = Debug|Any CPU
		{144F0852-1909-4C87-91BC-3BCA5EC5C17B}.Debug|Any CPU.Build.0 = Debug|Any CPU
		{144F0852-1909-4C87-91BC-3BCA5EC5C17B}.Release|Any CPU.ActiveCfg = Release|Any CPU
		{144F0852-1909-4C87-91BC-3BCA5EC5C17B}.Release|Any CPU.Build.0 = Release|Any CPU
		{4E802DBB-81CB-48FA-9B3B-38E91A337F16}.Debug|Any CPU.ActiveCfg = Debug|Any CPU
		{4E802DBB-81CB-48FA-9B3B-38E91A337F16}.Debug|Any CPU.Build.0 = Debug|Any CPU
		{4E802DBB-81CB-48FA-9B3B-38E91A337F16}.Release|Any CPU.ActiveCfg = Release|Any CPU
		{4E802DBB-81CB-48FA-9B3B-38E91A337F16}.Release|Any CPU.Build.0 = Release|Any CPU
	EndGlobalSection
	GlobalSection(SolutionProperties) = preSolution
		HideSolutionNode = FALSE
	EndGlobalSection
	GlobalSection(ExtensibilityGlobals) = postSolution
		SolutionGuid = {4150AB94-7C47-415D-911A-CFA871A70754}
	EndGlobalSection
EndGlobal
